// !$*UTF8*$!
{
	archiveVersion = 1;
	classes = {
	};
	objectVersion = 56;
	objects = {

/* Begin PBXBuildFile section */
		EB0115022AFE3F7C0016782A /* DetailView.swift in Sources */ = {isa = PBXBuildFile; fileRef = EB0115012AFE3F7C0016782A /* DetailView.swift */; };
		EB0489632AFAC934000BA7B5 /* PortfolioContainer.xcdatamodeld in Sources */ = {isa = PBXBuildFile; fileRef = EB0489612AFAC934000BA7B5 /* PortfolioContainer.xcdatamodeld */; };
		EB0489652AFAC9E1000BA7B5 /* PortfolioDataService.swift in Sources */ = {isa = PBXBuildFile; fileRef = EB0489642AFAC9E1000BA7B5 /* PortfolioDataService.swift */; };
		EB1F0D2C2AF7BCB400BFE052 /* CoinImageView.swift in Sources */ = {isa = PBXBuildFile; fileRef = EB1F0D2B2AF7BCB400BFE052 /* CoinImageView.swift */; };
		EB1F0D2E2AF7C6AE00BFE052 /* CoinImageService.swift in Sources */ = {isa = PBXBuildFile; fileRef = EB1F0D2D2AF7C6AE00BFE052 /* CoinImageService.swift */; };
		EB1F0D322AF7DD7600BFE052 /* CoinImageViewModel.swift in Sources */ = {isa = PBXBuildFile; fileRef = EB1F0D312AF7DD7600BFE052 /* CoinImageViewModel.swift */; };
		EB26D5CB2B0A3EA90042204D /* String.swift in Sources */ = {isa = PBXBuildFile; fileRef = EB26D5CA2B0A3EA90042204D /* String.swift */; };
		EB29BE132AF03AB300D8D568 /* CryptocurrencyTrackerApp.swift in Sources */ = {isa = PBXBuildFile; fileRef = EB29BE122AF03AB300D8D568 /* CryptocurrencyTrackerApp.swift */; };
		EB29BE172AF03AB400D8D568 /* Assets.xcassets in Resources */ = {isa = PBXBuildFile; fileRef = EB29BE162AF03AB400D8D568 /* Assets.xcassets */; };
		EB29BE1A2AF03AB400D8D568 /* Preview Assets.xcassets in Resources */ = {isa = PBXBuildFile; fileRef = EB29BE192AF03AB400D8D568 /* Preview Assets.xcassets */; };
		EB3C76752B066181003F090B /* CoinDetailDataService.swift in Sources */ = {isa = PBXBuildFile; fileRef = EB3C76742B066181003F090B /* CoinDetailDataService.swift */; };
		EB4712882AF69C9800B171CF /* NetworkingManager.swift in Sources */ = {isa = PBXBuildFile; fileRef = EB4712872AF69C9800B171CF /* NetworkingManager.swift */; };
		EB4ACF7D2AF8185E0090DB33 /* LocalFileManager.swift in Sources */ = {isa = PBXBuildFile; fileRef = EB4ACF7C2AF8185E0090DB33 /* LocalFileManager.swift */; };
		EB5301522AF92C67009E7431 /* Statistic.swift in Sources */ = {isa = PBXBuildFile; fileRef = EB5301512AF92C67009E7431 /* Statistic.swift */; };
		EB5301542AF92E45009E7431 /* StatisticView.swift in Sources */ = {isa = PBXBuildFile; fileRef = EB5301532AF92E45009E7431 /* StatisticView.swift */; };
		EB5301562AF955B6009E7431 /* HomeStatsView.swift in Sources */ = {isa = PBXBuildFile; fileRef = EB5301552AF955B6009E7431 /* HomeStatsView.swift */; };
		EB73B9C02AF0FCBB00B24D1B /* Color.swift in Sources */ = {isa = PBXBuildFile; fileRef = EB73B9BF2AF0FCBB00B24D1B /* Color.swift */; };
		EB73B9C62AF129EF00B24D1B /* HomeView.swift in Sources */ = {isa = PBXBuildFile; fileRef = EB73B9C52AF129EF00B24D1B /* HomeView.swift */; };
		EB73B9CA2AF12B6700B24D1B /* CircleButtonView.swift in Sources */ = {isa = PBXBuildFile; fileRef = EB73B9C92AF12B6700B24D1B /* CircleButtonView.swift */; };
		EB73B9CD2AF12F6600B24D1B /* CircleButtonAnimationView.swift in Sources */ = {isa = PBXBuildFile; fileRef = EB73B9CC2AF12F6600B24D1B /* CircleButtonAnimationView.swift */; };
		EB73B9D02AF1357600B24D1B /* Coin.swift in Sources */ = {isa = PBXBuildFile; fileRef = EB73B9CF2AF1357600B24D1B /* Coin.swift */; };
		EB84BBBF2AFFE45D00B33433 /* CoinDetail.swift in Sources */ = {isa = PBXBuildFile; fileRef = EB84BBBE2AFFE45D00B33433 /* CoinDetail.swift */; };
		EB84BBC12AFFF1BE00B33433 /* DetailViewModel.swift in Sources */ = {isa = PBXBuildFile; fileRef = EB84BBC02AFFF1BE00B33433 /* DetailViewModel.swift */; };
		EB8659DB2AF52EFA00F5D6F4 /* HomeViewModel.swift in Sources */ = {isa = PBXBuildFile; fileRef = EB8659DA2AF52EFA00F5D6F4 /* HomeViewModel.swift */; };
		EB9A09622B08C3A300D203E1 /* ChartView.swift in Sources */ = {isa = PBXBuildFile; fileRef = EB9A09612B08C3A300D203E1 /* ChartView.swift */; };
		EB9A09642B08E3CB00D203E1 /* Date.swift in Sources */ = {isa = PBXBuildFile; fileRef = EB9A09632B08E3CB00D203E1 /* Date.swift */; };
		EBA3E0182AF8E74F00AC7EFD /* SearchBarView.swift in Sources */ = {isa = PBXBuildFile; fileRef = EBA3E0172AF8E74F00AC7EFD /* SearchBarView.swift */; };
		EBA3E01A2AF904DC00AC7EFD /* UIApplication.swift in Sources */ = {isa = PBXBuildFile; fileRef = EBA3E0192AF904DC00AC7EFD /* UIApplication.swift */; };
		EBB5651C2AF589AE0019C75A /* CoinDataService.swift in Sources */ = {isa = PBXBuildFile; fileRef = EBB5651B2AF589AE0019C75A /* CoinDataService.swift */; };
		EBBDB5EA2AFA22F6000BE39D /* PortfolioView.swift in Sources */ = {isa = PBXBuildFile; fileRef = EBBDB5E92AFA22F6000BE39D /* PortfolioView.swift */; };
		EBBDB5EC2AFA25BC000BE39D /* XMarkButton.swift in Sources */ = {isa = PBXBuildFile; fileRef = EBBDB5EB2AFA25BC000BE39D /* XMarkButton.swift */; };
		EBBDB5EE2AFA2DD4000BE39D /* CoinLogoView.swift in Sources */ = {isa = PBXBuildFile; fileRef = EBBDB5ED2AFA2DD4000BE39D /* CoinLogoView.swift */; };
		EBDD44462B0ABB6E004CADE0 /* InfoView.swift in Sources */ = {isa = PBXBuildFile; fileRef = EBDD44452B0ABB6E004CADE0 /* InfoView.swift */; };
		EBDEFAE02AF253F4008C5F45 /* CoinRowView.swift in Sources */ = {isa = PBXBuildFile; fileRef = EBDEFADF2AF253F4008C5F45 /* CoinRowView.swift */; };
		EBDEFAE52AF2AE21008C5F45 /* Double.swift in Sources */ = {isa = PBXBuildFile; fileRef = EBDEFAE42AF2AE21008C5F45 /* Double.swift */; };
		EBE0A6AE2AF9930B00BF6487 /* MarketData.swift in Sources */ = {isa = PBXBuildFile; fileRef = EBE0A6AD2AF9930B00BF6487 /* MarketData.swift */; };
		EBE0A6B02AF9961500BF6487 /* MarketDataService.swift in Sources */ = {isa = PBXBuildFile; fileRef = EBE0A6AF2AF9961500BF6487 /* MarketDataService.swift */; };
/* End PBXBuildFile section */

/* Begin PBXFileReference section */
		EB0115012AFE3F7C0016782A /* DetailView.swift */ = {isa = PBXFileReference; lastKnownFileType = sourcecode.swift; path = DetailView.swift; sourceTree = "<group>"; };
		EB0489622AFAC934000BA7B5 /* PortfolioContainer.xcdatamodel */ = {isa = PBXFileReference; lastKnownFileType = wrapper.xcdatamodel; path = PortfolioContainer.xcdatamodel; sourceTree = "<group>"; };
		EB0489642AFAC9E1000BA7B5 /* PortfolioDataService.swift */ = {isa = PBXFileReference; lastKnownFileType = sourcecode.swift; path = PortfolioDataService.swift; sourceTree = "<group>"; };
		EB1F0D2B2AF7BCB400BFE052 /* CoinImageView.swift */ = {isa = PBXFileReference; lastKnownFileType = sourcecode.swift; path = CoinImageView.swift; sourceTree = "<group>"; };
		EB1F0D2D2AF7C6AE00BFE052 /* CoinImageService.swift */ = {isa = PBXFileReference; lastKnownFileType = sourcecode.swift; path = CoinImageService.swift; sourceTree = "<group>"; };
		EB1F0D312AF7DD7600BFE052 /* CoinImageViewModel.swift */ = {isa = PBXFileReference; lastKnownFileType = sourcecode.swift; path = CoinImageViewModel.swift; sourceTree = "<group>"; };
		EB26D5CA2B0A3EA90042204D /* String.swift */ = {isa = PBXFileReference; lastKnownFileType = sourcecode.swift; path = String.swift; sourceTree = "<group>"; };
		EB29BE0F2AF03AB300D8D568 /* CryptocurrencyTracker.app */ = {isa = PBXFileReference; explicitFileType = wrapper.application; includeInIndex = 0; path = CryptocurrencyTracker.app; sourceTree = BUILT_PRODUCTS_DIR; };
		EB29BE122AF03AB300D8D568 /* CryptocurrencyTrackerApp.swift */ = {isa = PBXFileReference; lastKnownFileType = sourcecode.swift; path = CryptocurrencyTrackerApp.swift; sourceTree = "<group>"; };
		EB29BE162AF03AB400D8D568 /* Assets.xcassets */ = {isa = PBXFileReference; lastKnownFileType = folder.assetcatalog; path = Assets.xcassets; sourceTree = "<group>"; };
		EB29BE192AF03AB400D8D568 /* Preview Assets.xcassets */ = {isa = PBXFileReference; lastKnownFileType = folder.assetcatalog; path = "Preview Assets.xcassets"; sourceTree = "<group>"; };
		EB3C76742B066181003F090B /* CoinDetailDataService.swift */ = {isa = PBXFileReference; lastKnownFileType = sourcecode.swift; path = CoinDetailDataService.swift; sourceTree = "<group>"; };
		EB4712872AF69C9800B171CF /* NetworkingManager.swift */ = {isa = PBXFileReference; lastKnownFileType = sourcecode.swift; path = NetworkingManager.swift; sourceTree = "<group>"; };
		EB4ACF7C2AF8185E0090DB33 /* LocalFileManager.swift */ = {isa = PBXFileReference; lastKnownFileType = sourcecode.swift; path = LocalFileManager.swift; sourceTree = "<group>"; };
		EB5301512AF92C67009E7431 /* Statistic.swift */ = {isa = PBXFileReference; lastKnownFileType = sourcecode.swift; path = Statistic.swift; sourceTree = "<group>"; };
		EB5301532AF92E45009E7431 /* StatisticView.swift */ = {isa = PBXFileReference; lastKnownFileType = sourcecode.swift; path = StatisticView.swift; sourceTree = "<group>"; };
		EB5301552AF955B6009E7431 /* HomeStatsView.swift */ = {isa = PBXFileReference; lastKnownFileType = sourcecode.swift; path = HomeStatsView.swift; sourceTree = "<group>"; };
		EB73B9BF2AF0FCBB00B24D1B /* Color.swift */ = {isa = PBXFileReference; lastKnownFileType = sourcecode.swift; path = Color.swift; sourceTree = "<group>"; };
		EB73B9C52AF129EF00B24D1B /* HomeView.swift */ = {isa = PBXFileReference; lastKnownFileType = sourcecode.swift; path = HomeView.swift; sourceTree = "<group>"; };
		EB73B9C92AF12B6700B24D1B /* CircleButtonView.swift */ = {isa = PBXFileReference; lastKnownFileType = sourcecode.swift; path = CircleButtonView.swift; sourceTree = "<group>"; };
		EB73B9CC2AF12F6600B24D1B /* CircleButtonAnimationView.swift */ = {isa = PBXFileReference; lastKnownFileType = sourcecode.swift; path = CircleButtonAnimationView.swift; sourceTree = "<group>"; };
		EB73B9CF2AF1357600B24D1B /* Coin.swift */ = {isa = PBXFileReference; lastKnownFileType = sourcecode.swift; path = Coin.swift; sourceTree = "<group>"; };
		EB84BBBE2AFFE45D00B33433 /* CoinDetail.swift */ = {isa = PBXFileReference; lastKnownFileType = sourcecode.swift; path = CoinDetail.swift; sourceTree = "<group>"; };
		EB84BBC02AFFF1BE00B33433 /* DetailViewModel.swift */ = {isa = PBXFileReference; lastKnownFileType = sourcecode.swift; path = DetailViewModel.swift; sourceTree = "<group>"; };
		EB8659DA2AF52EFA00F5D6F4 /* HomeViewModel.swift */ = {isa = PBXFileReference; lastKnownFileType = sourcecode.swift; path = HomeViewModel.swift; sourceTree = "<group>"; };
		EB9A09612B08C3A300D203E1 /* ChartView.swift */ = {isa = PBXFileReference; lastKnownFileType = sourcecode.swift; path = ChartView.swift; sourceTree = "<group>"; };
		EB9A09632B08E3CB00D203E1 /* Date.swift */ = {isa = PBXFileReference; lastKnownFileType = sourcecode.swift; path = Date.swift; sourceTree = "<group>"; };
		EBA3E0172AF8E74F00AC7EFD /* SearchBarView.swift */ = {isa = PBXFileReference; lastKnownFileType = sourcecode.swift; path = SearchBarView.swift; sourceTree = "<group>"; };
		EBA3E0192AF904DC00AC7EFD /* UIApplication.swift */ = {isa = PBXFileReference; lastKnownFileType = sourcecode.swift; path = UIApplication.swift; sourceTree = "<group>"; };
		EBB5651B2AF589AE0019C75A /* CoinDataService.swift */ = {isa = PBXFileReference; lastKnownFileType = sourcecode.swift; path = CoinDataService.swift; sourceTree = "<group>"; };
		EBBDB5E92AFA22F6000BE39D /* PortfolioView.swift */ = {isa = PBXFileReference; lastKnownFileType = sourcecode.swift; path = PortfolioView.swift; sourceTree = "<group>"; };
		EBBDB5EB2AFA25BC000BE39D /* XMarkButton.swift */ = {isa = PBXFileReference; lastKnownFileType = sourcecode.swift; path = XMarkButton.swift; sourceTree = "<group>"; };
		EBBDB5ED2AFA2DD4000BE39D /* CoinLogoView.swift */ = {isa = PBXFileReference; lastKnownFileType = sourcecode.swift; path = CoinLogoView.swift; sourceTree = "<group>"; };
		EBDD44452B0ABB6E004CADE0 /* InfoView.swift */ = {isa = PBXFileReference; lastKnownFileType = sourcecode.swift; path = InfoView.swift; sourceTree = "<group>"; };
		EBDEFADF2AF253F4008C5F45 /* CoinRowView.swift */ = {isa = PBXFileReference; lastKnownFileType = sourcecode.swift; path = CoinRowView.swift; sourceTree = "<group>"; };
		EBDEFAE42AF2AE21008C5F45 /* Double.swift */ = {isa = PBXFileReference; lastKnownFileType = sourcecode.swift; path = Double.swift; sourceTree = "<group>"; };
		EBE0A6AD2AF9930B00BF6487 /* MarketData.swift */ = {isa = PBXFileReference; lastKnownFileType = sourcecode.swift; path = MarketData.swift; sourceTree = "<group>"; };
		EBE0A6AF2AF9961500BF6487 /* MarketDataService.swift */ = {isa = PBXFileReference; lastKnownFileType = sourcecode.swift; path = MarketDataService.swift; sourceTree = "<group>"; };
/* End PBXFileReference section */

/* Begin PBXFrameworksBuildPhase section */
		EB29BE0C2AF03AB300D8D568 /* Frameworks */ = {
			isa = PBXFrameworksBuildPhase;
			buildActionMask = 2147483647;
			files = (
			);
			runOnlyForDeploymentPostprocessing = 0;
		};
/* End PBXFrameworksBuildPhase section */

/* Begin PBXGroup section */
		EB0114FE2AFE3F3E0016782A /* Detail */ = {
			isa = PBXGroup;
			children = (
				EB0115002AFE3F610016782A /* ViewModels */,
				EB0114FF2AFE3F5A0016782A /* Views */,
			);
			path = Detail;
			sourceTree = "<group>";
		};
		EB0114FF2AFE3F5A0016782A /* Views */ = {
			isa = PBXGroup;
			children = (
				EB0115012AFE3F7C0016782A /* DetailView.swift */,
				EB9A09612B08C3A300D203E1 /* ChartView.swift */,
			);
			path = Views;
			sourceTree = "<group>";
		};
		EB0115002AFE3F610016782A /* ViewModels */ = {
			isa = PBXGroup;
			children = (
				EB84BBC02AFFF1BE00B33433 /* DetailViewModel.swift */,
			);
			path = ViewModels;
			sourceTree = "<group>";
		};
		EB1F0D2A2AF7BC9B00BFE052 /* CoinImage */ = {
			isa = PBXGroup;
			children = (
				EB1F0D2F2AF7DD4A00BFE052 /* ViewModels */,
				EB1F0D302AF7DD5500BFE052 /* Views */,
			);
			path = CoinImage;
			sourceTree = "<group>";
		};
		EB1F0D2F2AF7DD4A00BFE052 /* ViewModels */ = {
			isa = PBXGroup;
			children = (
				EB1F0D312AF7DD7600BFE052 /* CoinImageViewModel.swift */,
			);
			path = ViewModels;
			sourceTree = "<group>";
		};
		EB1F0D302AF7DD5500BFE052 /* Views */ = {
			isa = PBXGroup;
			children = (
				EB1F0D2B2AF7BCB400BFE052 /* CoinImageView.swift */,
				EBBDB5ED2AFA2DD4000BE39D /* CoinLogoView.swift */,
			);
			path = Views;
			sourceTree = "<group>";
		};
		EB29BE062AF03AB300D8D568 = {
			isa = PBXGroup;
			children = (
				EB29BE112AF03AB300D8D568 /* CryptocurrencyTracker */,
				EB29BE102AF03AB300D8D568 /* Products */,
			);
			sourceTree = "<group>";
		};
		EB29BE102AF03AB300D8D568 /* Products */ = {
			isa = PBXGroup;
			children = (
				EB29BE0F2AF03AB300D8D568 /* CryptocurrencyTracker.app */,
			);
			name = Products;
			sourceTree = "<group>";
		};
		EB29BE112AF03AB300D8D568 /* CryptocurrencyTracker */ = {
			isa = PBXGroup;
			children = (
				EB29BE122AF03AB300D8D568 /* CryptocurrencyTrackerApp.swift */,
				EB4712862AF698DF00B171CF /* Utilities */,
				EB73B9BE2AF0FCA200B24D1B /* Extensions */,
				EBB5651A2AF589840019C75A /* Services */,
				EB73B9CE2AF1355700B24D1B /* Models */,
				EB73B9C12AF129B400B24D1B /* Core */,
				EB29BE162AF03AB400D8D568 /* Assets.xcassets */,
				EB29BE182AF03AB400D8D568 /* Preview Content */,
			);
			path = CryptocurrencyTracker;
			sourceTree = "<group>";
		};
		EB29BE182AF03AB400D8D568 /* Preview Content */ = {
			isa = PBXGroup;
			children = (
				EB29BE192AF03AB400D8D568 /* Preview Assets.xcassets */,
			);
			path = "Preview Content";
			sourceTree = "<group>";
		};
		EB4712862AF698DF00B171CF /* Utilities */ = {
			isa = PBXGroup;
			children = (
				EB4712872AF69C9800B171CF /* NetworkingManager.swift */,
				EB4ACF7C2AF8185E0090DB33 /* LocalFileManager.swift */,
			);
			path = Utilities;
			sourceTree = "<group>";
		};
		EB73B9BE2AF0FCA200B24D1B /* Extensions */ = {
			isa = PBXGroup;
			children = (
				EB73B9BF2AF0FCBB00B24D1B /* Color.swift */,
				EBDEFAE42AF2AE21008C5F45 /* Double.swift */,
				EBA3E0192AF904DC00AC7EFD /* UIApplication.swift */,
				EB9A09632B08E3CB00D203E1 /* Date.swift */,
				EB26D5CA2B0A3EA90042204D /* String.swift */,
			);
			path = Extensions;
			sourceTree = "<group>";
		};
		EB73B9C12AF129B400B24D1B /* Core */ = {
			isa = PBXGroup;
			children = (
				EB73B9C72AF12B1D00B24D1B /* Components */,
				EB73B9C22AF129C300B24D1B /* Home */,
				EB0114FE2AFE3F3E0016782A /* Detail */,
				EBDD44432B0ABB35004CADE0 /* Info */,
			);
			path = Core;
			sourceTree = "<group>";
		};
		EB73B9C22AF129C300B24D1B /* Home */ = {
			isa = PBXGroup;
			children = (
				EB73B9C42AF129DA00B24D1B /* ViewModels */,
				EB73B9C32AF129D300B24D1B /* Views */,
			);
			path = Home;
			sourceTree = "<group>";
		};
		EB73B9C32AF129D300B24D1B /* Views */ = {
			isa = PBXGroup;
			children = (
				EB73B9C52AF129EF00B24D1B /* HomeView.swift */,
				EBDEFADF2AF253F4008C5F45 /* CoinRowView.swift */,
				EB5301552AF955B6009E7431 /* HomeStatsView.swift */,
				EBBDB5E92AFA22F6000BE39D /* PortfolioView.swift */,
			);
			path = Views;
			sourceTree = "<group>";
		};
		EB73B9C42AF129DA00B24D1B /* ViewModels */ = {
			isa = PBXGroup;
			children = (
				EB8659DA2AF52EFA00F5D6F4 /* HomeViewModel.swift */,
			);
			path = ViewModels;
			sourceTree = "<group>";
		};
		EB73B9C72AF12B1D00B24D1B /* Components */ = {
			isa = PBXGroup;
			children = (
				EB1F0D2A2AF7BC9B00BFE052 /* CoinImage */,
				EB73B9C82AF12B4C00B24D1B /* CircleButton */,
				EBA3E0172AF8E74F00AC7EFD /* SearchBarView.swift */,
				EB5301532AF92E45009E7431 /* StatisticView.swift */,
				EBBDB5EB2AFA25BC000BE39D /* XMarkButton.swift */,
			);
			path = Components;
			sourceTree = "<group>";
		};
		EB73B9C82AF12B4C00B24D1B /* CircleButton */ = {
			isa = PBXGroup;
			children = (
				EB73B9C92AF12B6700B24D1B /* CircleButtonView.swift */,
				EB73B9CC2AF12F6600B24D1B /* CircleButtonAnimationView.swift */,
			);
			path = CircleButton;
			sourceTree = "<group>";
		};
		EB73B9CE2AF1355700B24D1B /* Models */ = {
			isa = PBXGroup;
			children = (
				EB73B9CF2AF1357600B24D1B /* Coin.swift */,
				EB84BBBE2AFFE45D00B33433 /* CoinDetail.swift */,
				EB5301512AF92C67009E7431 /* Statistic.swift */,
				EBE0A6AD2AF9930B00BF6487 /* MarketData.swift */,
				EB0489612AFAC934000BA7B5 /* PortfolioContainer.xcdatamodeld */,
			);
			path = Models;
			sourceTree = "<group>";
		};
		EBB5651A2AF589840019C75A /* Services */ = {
			isa = PBXGroup;
			children = (
				EBB5651B2AF589AE0019C75A /* CoinDataService.swift */,
				EB3C76742B066181003F090B /* CoinDetailDataService.swift */,
				EB1F0D2D2AF7C6AE00BFE052 /* CoinImageService.swift */,
				EBE0A6AF2AF9961500BF6487 /* MarketDataService.swift */,
				EB0489642AFAC9E1000BA7B5 /* PortfolioDataService.swift */,
			);
			path = Services;
			sourceTree = "<group>";
		};
		EBDD44432B0ABB35004CADE0 /* Info */ = {
			isa = PBXGroup;
			children = (
				EBDD44442B0ABB58004CADE0 /* Views */,
			);
			path = Info;
			sourceTree = "<group>";
		};
		EBDD44442B0ABB58004CADE0 /* Views */ = {
			isa = PBXGroup;
			children = (
				EBDD44452B0ABB6E004CADE0 /* InfoView.swift */,
			);
			path = Views;
			sourceTree = "<group>";
		};
/* End PBXGroup section */

/* Begin PBXNativeTarget section */
		EB29BE0E2AF03AB300D8D568 /* CryptocurrencyTracker */ = {
			isa = PBXNativeTarget;
			buildConfigurationList = EB29BE1D2AF03AB400D8D568 /* Build configuration list for PBXNativeTarget "CryptocurrencyTracker" */;
			buildPhases = (
				EB29BE0B2AF03AB300D8D568 /* Sources */,
				EB29BE0C2AF03AB300D8D568 /* Frameworks */,
				EB29BE0D2AF03AB300D8D568 /* Resources */,
			);
			buildRules = (
			);
			dependencies = (
			);
			name = CryptocurrencyTracker;
			productName = CryptocurrencyTracker;
			productReference = EB29BE0F2AF03AB300D8D568 /* CryptocurrencyTracker.app */;
			productType = "com.apple.product-type.application";
		};
/* End PBXNativeTarget section */

/* Begin PBXProject section */
		EB29BE072AF03AB300D8D568 /* Project object */ = {
			isa = PBXProject;
			attributes = {
				BuildIndependentTargetsInParallel = 1;
				LastSwiftUpdateCheck = 1500;
				LastUpgradeCheck = 1500;
				TargetAttributes = {
					EB29BE0E2AF03AB300D8D568 = {
						CreatedOnToolsVersion = 15.0;
					};
				};
			};
			buildConfigurationList = EB29BE0A2AF03AB300D8D568 /* Build configuration list for PBXProject "CryptocurrencyTracker" */;
			compatibilityVersion = "Xcode 14.0";
			developmentRegion = en;
			hasScannedForEncodings = 0;
			knownRegions = (
				en,
				Base,
			);
			mainGroup = EB29BE062AF03AB300D8D568;
			productRefGroup = EB29BE102AF03AB300D8D568 /* Products */;
			projectDirPath = "";
			projectRoot = "";
			targets = (
				EB29BE0E2AF03AB300D8D568 /* CryptocurrencyTracker */,
			);
		};
/* End PBXProject section */

/* Begin PBXResourcesBuildPhase section */
		EB29BE0D2AF03AB300D8D568 /* Resources */ = {
			isa = PBXResourcesBuildPhase;
			buildActionMask = 2147483647;
			files = (
				EB29BE1A2AF03AB400D8D568 /* Preview Assets.xcassets in Resources */,
				EB29BE172AF03AB400D8D568 /* Assets.xcassets in Resources */,
			);
			runOnlyForDeploymentPostprocessing = 0;
		};
/* End PBXResourcesBuildPhase section */

/* Begin PBXSourcesBuildPhase section */
		EB29BE0B2AF03AB300D8D568 /* Sources */ = {
			isa = PBXSourcesBuildPhase;
			buildActionMask = 2147483647;
			files = (
				EBDD44462B0ABB6E004CADE0 /* InfoView.swift in Sources */,
				EB5301522AF92C67009E7431 /* Statistic.swift in Sources */,
				EB0489652AFAC9E1000BA7B5 /* PortfolioDataService.swift in Sources */,
				EBBDB5EE2AFA2DD4000BE39D /* CoinLogoView.swift in Sources */,
				EB73B9C62AF129EF00B24D1B /* HomeView.swift in Sources */,
				EB8659DB2AF52EFA00F5D6F4 /* HomeViewModel.swift in Sources */,
				EB4ACF7D2AF8185E0090DB33 /* LocalFileManager.swift in Sources */,
				EB29BE132AF03AB300D8D568 /* CryptocurrencyTrackerApp.swift in Sources */,
				EBE0A6AE2AF9930B00BF6487 /* MarketData.swift in Sources */,
				EB1F0D322AF7DD7600BFE052 /* CoinImageViewModel.swift in Sources */,
				EBA3E0182AF8E74F00AC7EFD /* SearchBarView.swift in Sources */,
				EBDEFAE52AF2AE21008C5F45 /* Double.swift in Sources */,
				EB3C76752B066181003F090B /* CoinDetailDataService.swift in Sources */,
				EB73B9CA2AF12B6700B24D1B /* CircleButtonView.swift in Sources */,
				EB5301562AF955B6009E7431 /* HomeStatsView.swift in Sources */,
				EB26D5CB2B0A3EA90042204D /* String.swift in Sources */,
				EB84BBC12AFFF1BE00B33433 /* DetailViewModel.swift in Sources */,
				EBBDB5EC2AFA25BC000BE39D /* XMarkButton.swift in Sources */,
				EB1F0D2C2AF7BCB400BFE052 /* CoinImageView.swift in Sources */,
				EB73B9C02AF0FCBB00B24D1B /* Color.swift in Sources */,
				EB73B9D02AF1357600B24D1B /* Coin.swift in Sources */,
				EB9A09642B08E3CB00D203E1 /* Date.swift in Sources */,
				EB0115022AFE3F7C0016782A /* DetailView.swift in Sources */,
				EBA3E01A2AF904DC00AC7EFD /* UIApplication.swift in Sources */,
				EB5301542AF92E45009E7431 /* StatisticView.swift in Sources */,
				EBBDB5EA2AFA22F6000BE39D /* PortfolioView.swift in Sources */,
				EB9A09622B08C3A300D203E1 /* ChartView.swift in Sources */,
				EB4712882AF69C9800B171CF /* NetworkingManager.swift in Sources */,
				EBE0A6B02AF9961500BF6487 /* MarketDataService.swift in Sources */,
				EB1F0D2E2AF7C6AE00BFE052 /* CoinImageService.swift in Sources */,
				EB0489632AFAC934000BA7B5 /* PortfolioContainer.xcdatamodeld in Sources */,
				EB84BBBF2AFFE45D00B33433 /* CoinDetail.swift in Sources */,
				EBDEFAE02AF253F4008C5F45 /* CoinRowView.swift in Sources */,
				EBB5651C2AF589AE0019C75A /* CoinDataService.swift in Sources */,
				EB73B9CD2AF12F6600B24D1B /* CircleButtonAnimationView.swift in Sources */,
			);
			runOnlyForDeploymentPostprocessing = 0;
		};
/* End PBXSourcesBuildPhase section */

/* Begin XCBuildConfiguration section */
		EB29BE1B2AF03AB400D8D568 /* Debug */ = {
			isa = XCBuildConfiguration;
			buildSettings = {
				ALWAYS_SEARCH_USER_PATHS = NO;
				ASSETCATALOG_COMPILER_GENERATE_SWIFT_ASSET_SYMBOL_EXTENSIONS = YES;
				CLANG_ANALYZER_NONNULL = YES;
				CLANG_ANALYZER_NUMBER_OBJECT_CONVERSION = YES_AGGRESSIVE;
				CLANG_CXX_LANGUAGE_STANDARD = "gnu++20";
				CLANG_ENABLE_MODULES = YES;
				CLANG_ENABLE_OBJC_ARC = YES;
				CLANG_ENABLE_OBJC_WEAK = YES;
				CLANG_WARN_BLOCK_CAPTURE_AUTORELEASING = YES;
				CLANG_WARN_BOOL_CONVERSION = YES;
				CLANG_WARN_COMMA = YES;
				CLANG_WARN_CONSTANT_CONVERSION = YES;
				CLANG_WARN_DEPRECATED_OBJC_IMPLEMENTATIONS = YES;
				CLANG_WARN_DIRECT_OBJC_ISA_USAGE = YES_ERROR;
				CLANG_WARN_DOCUMENTATION_COMMENTS = YES;
				CLANG_WARN_EMPTY_BODY = YES;
				CLANG_WARN_ENUM_CONVERSION = YES;
				CLANG_WARN_INFINITE_RECURSION = YES;
				CLANG_WARN_INT_CONVERSION = YES;
				CLANG_WARN_NON_LITERAL_NULL_CONVERSION = YES;
				CLANG_WARN_OBJC_IMPLICIT_RETAIN_SELF = YES;
				CLANG_WARN_OBJC_LITERAL_CONVERSION = YES;
				CLANG_WARN_OBJC_ROOT_CLASS = YES_ERROR;
				CLANG_WARN_QUOTED_INCLUDE_IN_FRAMEWORK_HEADER = YES;
				CLANG_WARN_RANGE_LOOP_ANALYSIS = YES;
				CLANG_WARN_STRICT_PROTOTYPES = YES;
				CLANG_WARN_SUSPICIOUS_MOVE = YES;
				CLANG_WARN_UNGUARDED_AVAILABILITY = YES_AGGRESSIVE;
				CLANG_WARN_UNREACHABLE_CODE = YES;
				CLANG_WARN__DUPLICATE_METHOD_MATCH = YES;
				COPY_PHASE_STRIP = NO;
				DEBUG_INFORMATION_FORMAT = dwarf;
				ENABLE_STRICT_OBJC_MSGSEND = YES;
				ENABLE_TESTABILITY = YES;
				ENABLE_USER_SCRIPT_SANDBOXING = YES;
				GCC_C_LANGUAGE_STANDARD = gnu17;
				GCC_DYNAMIC_NO_PIC = NO;
				GCC_NO_COMMON_BLOCKS = YES;
				GCC_OPTIMIZATION_LEVEL = 0;
				GCC_PREPROCESSOR_DEFINITIONS = (
					"DEBUG=1",
					"$(inherited)",
				);
				GCC_WARN_64_TO_32_BIT_CONVERSION = YES;
				GCC_WARN_ABOUT_RETURN_TYPE = YES_ERROR;
				GCC_WARN_UNDECLARED_SELECTOR = YES;
				GCC_WARN_UNINITIALIZED_AUTOS = YES_AGGRESSIVE;
				GCC_WARN_UNUSED_FUNCTION = YES;
				GCC_WARN_UNUSED_VARIABLE = YES;
				IPHONEOS_DEPLOYMENT_TARGET = 17.0;
				LOCALIZATION_PREFERS_STRING_CATALOGS = YES;
				MTL_ENABLE_DEBUG_INFO = INCLUDE_SOURCE;
				MTL_FAST_MATH = YES;
				ONLY_ACTIVE_ARCH = YES;
				SDKROOT = iphoneos;
				SWIFT_ACTIVE_COMPILATION_CONDITIONS = "DEBUG $(inherited)";
				SWIFT_OPTIMIZATION_LEVEL = "-Onone";
			};
			name = Debug;
		};
		EB29BE1C2AF03AB400D8D568 /* Release */ = {
			isa = XCBuildConfiguration;
			buildSettings = {
				ALWAYS_SEARCH_USER_PATHS = NO;
				ASSETCATALOG_COMPILER_GENERATE_SWIFT_ASSET_SYMBOL_EXTENSIONS = YES;
				CLANG_ANALYZER_NONNULL = YES;
				CLANG_ANALYZER_NUMBER_OBJECT_CONVERSION = YES_AGGRESSIVE;
				CLANG_CXX_LANGUAGE_STANDARD = "gnu++20";
				CLANG_ENABLE_MODULES = YES;
				CLANG_ENABLE_OBJC_ARC = YES;
				CLANG_ENABLE_OBJC_WEAK = YES;
				CLANG_WARN_BLOCK_CAPTURE_AUTORELEASING = YES;
				CLANG_WARN_BOOL_CONVERSION = YES;
				CLANG_WARN_COMMA = YES;
				CLANG_WARN_CONSTANT_CONVERSION = YES;
				CLANG_WARN_DEPRECATED_OBJC_IMPLEMENTATIONS = YES;
				CLANG_WARN_DIRECT_OBJC_ISA_USAGE = YES_ERROR;
				CLANG_WARN_DOCUMENTATION_COMMENTS = YES;
				CLANG_WARN_EMPTY_BODY = YES;
				CLANG_WARN_ENUM_CONVERSION = YES;
				CLANG_WARN_INFINITE_RECURSION = YES;
				CLANG_WARN_INT_CONVERSION = YES;
				CLANG_WARN_NON_LITERAL_NULL_CONVERSION = YES;
				CLANG_WARN_OBJC_IMPLICIT_RETAIN_SELF = YES;
				CLANG_WARN_OBJC_LITERAL_CONVERSION = YES;
				CLANG_WARN_OBJC_ROOT_CLASS = YES_ERROR;
				CLANG_WARN_QUOTED_INCLUDE_IN_FRAMEWORK_HEADER = YES;
				CLANG_WARN_RANGE_LOOP_ANALYSIS = YES;
				CLANG_WARN_STRICT_PROTOTYPES = YES;
				CLANG_WARN_SUSPICIOUS_MOVE = YES;
				CLANG_WARN_UNGUARDED_AVAILABILITY = YES_AGGRESSIVE;
				CLANG_WARN_UNREACHABLE_CODE = YES;
				CLANG_WARN__DUPLICATE_METHOD_MATCH = YES;
				COPY_PHASE_STRIP = NO;
				DEBUG_INFORMATION_FORMAT = "dwarf-with-dsym";
				ENABLE_NS_ASSERTIONS = NO;
				ENABLE_STRICT_OBJC_MSGSEND = YES;
				ENABLE_USER_SCRIPT_SANDBOXING = YES;
				GCC_C_LANGUAGE_STANDARD = gnu17;
				GCC_NO_COMMON_BLOCKS = YES;
				GCC_WARN_64_TO_32_BIT_CONVERSION = YES;
				GCC_WARN_ABOUT_RETURN_TYPE = YES_ERROR;
				GCC_WARN_UNDECLARED_SELECTOR = YES;
				GCC_WARN_UNINITIALIZED_AUTOS = YES_AGGRESSIVE;
				GCC_WARN_UNUSED_FUNCTION = YES;
				GCC_WARN_UNUSED_VARIABLE = YES;
				IPHONEOS_DEPLOYMENT_TARGET = 17.0;
				LOCALIZATION_PREFERS_STRING_CATALOGS = YES;
				MTL_ENABLE_DEBUG_INFO = NO;
				MTL_FAST_MATH = YES;
				SDKROOT = iphoneos;
				SWIFT_COMPILATION_MODE = wholemodule;
				VALIDATE_PRODUCT = YES;
			};
			name = Release;
		};
		EB29BE1E2AF03AB400D8D568 /* Debug */ = {
			isa = XCBuildConfiguration;
			buildSettings = {
				ASSETCATALOG_COMPILER_APPICON_NAME = AppIcon;
				ASSETCATALOG_COMPILER_GLOBAL_ACCENT_COLOR_NAME = AccentColor;
				CODE_SIGN_STYLE = Automatic;
				CURRENT_PROJECT_VERSION = 1;
				DEVELOPMENT_ASSET_PATHS = "\"CryptocurrencyTracker/Preview Content\"";
				DEVELOPMENT_TEAM = 8VZXPVXH33;
				ENABLE_PREVIEWS = YES;
				GENERATE_INFOPLIST_FILE = YES;
				INFOPLIST_KEY_CFBundleDisplayName = "Cryptocurrency Tracker";
				INFOPLIST_KEY_LSApplicationCategoryType = "public.app-category.finance";
				INFOPLIST_KEY_UIApplicationSceneManifest_Generation = YES;
				INFOPLIST_KEY_UIApplicationSupportsIndirectInputEvents = YES;
				INFOPLIST_KEY_UILaunchScreen_Generation = YES;
				INFOPLIST_KEY_UISupportedInterfaceOrientations = UIInterfaceOrientationPortrait;
				LD_RUNPATH_SEARCH_PATHS = (
					"$(inherited)",
					"@executable_path/Frameworks",
				);
				MARKETING_VERSION = 1.0;
				PRODUCT_BUNDLE_IDENTIFIER = com.matflow.CryptocurrencyTracker;
				PRODUCT_NAME = "$(TARGET_NAME)";
				SWIFT_EMIT_LOC_STRINGS = YES;
				SWIFT_VERSION = 5.0;
				TARGETED_DEVICE_FAMILY = "1,2";
			};
			name = Debug;
		};
		EB29BE1F2AF03AB400D8D568 /* Release */ = {
			isa = XCBuildConfiguration;
			buildSettings = {
				ASSETCATALOG_COMPILER_APPICON_NAME = AppIcon;
				ASSETCATALOG_COMPILER_GLOBAL_ACCENT_COLOR_NAME = AccentColor;
				CODE_SIGN_STYLE = Automatic;
				CURRENT_PROJECT_VERSION = 1;
				DEVELOPMENT_ASSET_PATHS = "\"CryptocurrencyTracker/Preview Content\"";
				DEVELOPMENT_TEAM = 8VZXPVXH33;
				ENABLE_PREVIEWS = YES;
				GENERATE_INFOPLIST_FILE = YES;
				INFOPLIST_KEY_CFBundleDisplayName = "Cryptocurrency Tracker";
				INFOPLIST_KEY_LSApplicationCategoryType = "public.app-category.finance";
				INFOPLIST_KEY_UIApplicationSceneManifest_Generation = YES;
				INFOPLIST_KEY_UIApplicationSupportsIndirectInputEvents = YES;
				INFOPLIST_KEY_UILaunchScreen_Generation = YES;
				INFOPLIST_KEY_UISupportedInterfaceOrientations = UIInterfaceOrientationPortrait;
				LD_RUNPATH_SEARCH_PATHS = (
					"$(inherited)",
					"@executable_path/Frameworks",
				);
				MARKETING_VERSION = 1.0;
				PRODUCT_BUNDLE_IDENTIFIER = com.matflow.CryptocurrencyTracker;
				PRODUCT_NAME = "$(TARGET_NAME)";
				SWIFT_EMIT_LOC_STRINGS = YES;
				SWIFT_VERSION = 5.0;
				TARGETED_DEVICE_FAMILY = "1,2";
			};
			name = Release;
		};
/* End XCBuildConfiguration section */

/* Begin XCConfigurationList section */
		EB29BE0A2AF03AB300D8D568 /* Build configuration list for PBXProject "CryptocurrencyTracker" */ = {
			isa = XCConfigurationList;
			buildConfigurations = (
				EB29BE1B2AF03AB400D8D568 /* Debug */,
				EB29BE1C2AF03AB400D8D568 /* Release */,
			);
			defaultConfigurationIsVisible = 0;
			defaultConfigurationName = Release;
		};
		EB29BE1D2AF03AB400D8D568 /* Build configuration list for PBXNativeTarget "CryptocurrencyTracker" */ = {
			isa = XCConfigurationList;
			buildConfigurations = (
				EB29BE1E2AF03AB400D8D568 /* Debug */,
				EB29BE1F2AF03AB400D8D568 /* Release */,
			);
			defaultConfigurationIsVisible = 0;
			defaultConfigurationName = Release;
		};
/* End XCConfigurationList section */

/* Begin XCVersionGroup section */
		EB0489612AFAC934000BA7B5 /* PortfolioContainer.xcdatamodeld */ = {
			isa = XCVersionGroup;
			children = (
				EB0489622AFAC934000BA7B5 /* PortfolioContainer.xcdatamodel */,
			);
			currentVersion = EB0489622AFAC934000BA7B5 /* PortfolioContainer.xcdatamodel */;
			path = PortfolioContainer.xcdatamodeld;
			sourceTree = "<group>";
			versionGroupType = wrapper.xcdatamodel;
		};
/* End XCVersionGroup section */
	};
	rootObject = EB29BE072AF03AB300D8D568 /* Project object */;
}
