// !$*UTF8*$!
{
	archiveVersion = 1;
	classes = {
	};
	objectVersion = 56;
	objects = {

/* Begin PBXBuildFile section */
		EB29BE132AF03AB300D8D568 /* CryptocurrencyTrackerApp.swift in Sources */ = {isa = PBXBuildFile; fileRef = EB29BE122AF03AB300D8D568 /* CryptocurrencyTrackerApp.swift */; };
		EB29BE172AF03AB400D8D568 /* Assets.xcassets in Resources */ = {isa = PBXBuildFile; fileRef = EB29BE162AF03AB400D8D568 /* Assets.xcassets */; };
		EB29BE1A2AF03AB400D8D568 /* Preview Assets.xcassets in Resources */ = {isa = PBXBuildFile; fileRef = EB29BE192AF03AB400D8D568 /* Preview Assets.xcassets */; };
		EB73B9C02AF0FCBB00B24D1B /* Color.swift in Sources */ = {isa = PBXBuildFile; fileRef = EB73B9BF2AF0FCBB00B24D1B /* Color.swift */; };
		EB73B9C62AF129EF00B24D1B /* HomeView.swift in Sources */ = {isa = PBXBuildFile; fileRef = EB73B9C52AF129EF00B24D1B /* HomeView.swift */; };
		EB73B9CA2AF12B6700B24D1B /* CircleButtonView.swift in Sources */ = {isa = PBXBuildFile; fileRef = EB73B9C92AF12B6700B24D1B /* CircleButtonView.swift */; };
		EB73B9CD2AF12F6600B24D1B /* CircleButtonAnimationView.swift in Sources */ = {isa = PBXBuildFile; fileRef = EB73B9CC2AF12F6600B24D1B /* CircleButtonAnimationView.swift */; };
/* End PBXBuildFile section */

/* Begin PBXFileReference section */
		EB29BE0F2AF03AB300D8D568 /* CryptocurrencyTracker.app */ = {isa = PBXFileReference; explicitFileType = wrapper.application; includeInIndex = 0; path = CryptocurrencyTracker.app; sourceTree = BUILT_PRODUCTS_DIR; };
		EB29BE122AF03AB300D8D568 /* CryptocurrencyTrackerApp.swift */ = {isa = PBXFileReference; lastKnownFileType = sourcecode.swift; path = CryptocurrencyTrackerApp.swift; sourceTree = "<group>"; };
		EB29BE162AF03AB400D8D568 /* Assets.xcassets */ = {isa = PBXFileReference; lastKnownFileType = folder.assetcatalog; path = Assets.xcassets; sourceTree = "<group>"; };
		EB29BE192AF03AB400D8D568 /* Preview Assets.xcassets */ = {isa = PBXFileReference; lastKnownFileType = folder.assetcatalog; path = "Preview Assets.xcassets"; sourceTree = "<group>"; };
		EB73B9BF2AF0FCBB00B24D1B /* Color.swift */ = {isa = PBXFileReference; lastKnownFileType = sourcecode.swift; path = Color.swift; sourceTree = "<group>"; };
		EB73B9C52AF129EF00B24D1B /* HomeView.swift */ = {isa = PBXFileReference; lastKnownFileType = sourcecode.swift; path = HomeView.swift; sourceTree = "<group>"; };
		EB73B9C92AF12B6700B24D1B /* CircleButtonView.swift */ = {isa = PBXFileReference; lastKnownFileType = sourcecode.swift; path = CircleButtonView.swift; sourceTree = "<group>"; };
		EB73B9CC2AF12F6600B24D1B /* CircleButtonAnimationView.swift */ = {isa = PBXFileReference; lastKnownFileType = sourcecode.swift; path = CircleButtonAnimationView.swift; sourceTree = "<group>"; };
/* End PBXFileReference section */

/* Begin PBXFrameworksBuildPhase section */
		EB29BE0C2AF03AB300D8D568 /* Frameworks */ = {
			isa = PBXFrameworksBuildPhase;
			buildActionMask = 2147483647;
			files = (
			);
			runOnlyForDeploymentPostprocessing = 0;
		};
/* End PBXFrameworksBuildPhase section */

/* Begin PBXGroup section */
		EB29BE062AF03AB300D8D568 = {
			isa = PBXGroup;
			children = (
				EB29BE112AF03AB300D8D568 /* CryptocurrencyTracker */,
				EB29BE102AF03AB300D8D568 /* Products */,
			);
			sourceTree = "<group>";
		};
		EB29BE102AF03AB300D8D568 /* Products */ = {
			isa = PBXGroup;
			children = (
				EB29BE0F2AF03AB300D8D568 /* CryptocurrencyTracker.app */,
			);
			name = Products;
			sourceTree = "<group>";
		};
		EB29BE112AF03AB300D8D568 /* CryptocurrencyTracker */ = {
			isa = PBXGroup;
			children = (
				EB29BE122AF03AB300D8D568 /* CryptocurrencyTrackerApp.swift */,
				EB73B9BE2AF0FCA200B24D1B /* Extensions */,
				EB73B9C12AF129B400B24D1B /* Core */,
				EB29BE162AF03AB400D8D568 /* Assets.xcassets */,
				EB29BE182AF03AB400D8D568 /* Preview Content */,
			);
			path = CryptocurrencyTracker;
			sourceTree = "<group>";
		};
		EB29BE182AF03AB400D8D568 /* Preview Content */ = {
			isa = PBXGroup;
			children = (
				EB29BE192AF03AB400D8D568 /* Preview Assets.xcassets */,
			);
			path = "Preview Content";
			sourceTree = "<group>";
		};
		EB73B9BE2AF0FCA200B24D1B /* Extensions */ = {
			isa = PBXGroup;
			children = (
				EB73B9BF2AF0FCBB00B24D1B /* Color.swift */,
			);
			path = Extensions;
			sourceTree = "<group>";
		};
		EB73B9C12AF129B400B24D1B /* Core */ = {
			isa = PBXGroup;
			children = (
				EB73B9C72AF12B1D00B24D1B /* Components */,
				EB73B9C22AF129C300B24D1B /* Home */,
			);
			path = Core;
			sourceTree = "<group>";
		};
		EB73B9C22AF129C300B24D1B /* Home */ = {
			isa = PBXGroup;
			children = (
				EB73B9C42AF129DA00B24D1B /* ViewModels */,
				EB73B9C32AF129D300B24D1B /* Views */,
			);
			path = Home;
			sourceTree = "<group>";
		};
		EB73B9C32AF129D300B24D1B /* Views */ = {
			isa = PBXGroup;
			children = (
				EB73B9C52AF129EF00B24D1B /* HomeView.swift */,
			);
			path = Views;
			sourceTree = "<group>";
		};
		EB73B9C42AF129DA00B24D1B /* ViewModels */ = {
			isa = PBXGroup;
			children = (
			);
			path = ViewModels;
			sourceTree = "<group>";
		};
		EB73B9C72AF12B1D00B24D1B /* Components */ = {
			isa = PBXGroup;
			children = (
				EB73B9C82AF12B4C00B24D1B /* CircleButton */,
			);
			path = Components;
			sourceTree = "<group>";
		};
		EB73B9C82AF12B4C00B24D1B /* CircleButton */ = {
			isa = PBXGroup;
			children = (
				EB73B9C92AF12B6700B24D1B /* CircleButtonView.swift */,
				EB73B9CC2AF12F6600B24D1B /* CircleButtonAnimationView.swift */,
			);
			path = CircleButton;
			sourceTree = "<group>";
		};
/* End PBXGroup section */

/* Begin PBXNativeTarget section */
		EB29BE0E2AF03AB300D8D568 /* CryptocurrencyTracker */ = {
			isa = PBXNativeTarget;
			buildConfigurationList = EB29BE1D2AF03AB400D8D568 /* Build configuration list for PBXNativeTarget "CryptocurrencyTracker" */;
			buildPhases = (
				EB29BE0B2AF03AB300D8D568 /* Sources */,
				EB29BE0C2AF03AB300D8D568 /* Frameworks */,
				EB29BE0D2AF03AB300D8D568 /* Resources */,
			);
			buildRules = (
			);
			dependencies = (
			);
			name = CryptocurrencyTracker;
			productName = CryptocurrencyTracker;
			productReference = EB29BE0F2AF03AB300D8D568 /* CryptocurrencyTracker.app */;
			productType = "com.apple.product-type.application";
		};
/* End PBXNativeTarget section */

/* Begin PBXProject section */
		EB29BE072AF03AB300D8D568 /* Project object */ = {
			isa = PBXProject;
			attributes = {
				BuildIndependentTargetsInParallel = 1;
				LastSwiftUpdateCheck = 1500;
				LastUpgradeCheck = 1500;
				TargetAttributes = {
					EB29BE0E2AF03AB300D8D568 = {
						CreatedOnToolsVersion = 15.0;
					};
				};
			};
			buildConfigurationList = EB29BE0A2AF03AB300D8D568 /* Build configuration list for PBXProject "CryptocurrencyTracker" */;
			compatibilityVersion = "Xcode 14.0";
			developmentRegion = en;
			hasScannedForEncodings = 0;
			knownRegions = (
				en,
				Base,
			);
			mainGroup = EB29BE062AF03AB300D8D568;
			productRefGroup = EB29BE102AF03AB300D8D568 /* Products */;
			projectDirPath = "";
			projectRoot = "";
			targets = (
				EB29BE0E2AF03AB300D8D568 /* CryptocurrencyTracker */,
			);
		};
/* End PBXProject section */

/* Begin PBXResourcesBuildPhase section */
		EB29BE0D2AF03AB300D8D568 /* Resources */ = {
			isa = PBXResourcesBuildPhase;
			buildActionMask = 2147483647;
			files = (
				EB29BE1A2AF03AB400D8D568 /* Preview Assets.xcassets in Resources */,
				EB29BE172AF03AB400D8D568 /* Assets.xcassets in Resources */,
			);
			runOnlyForDeploymentPostprocessing = 0;
		};
/* End PBXResourcesBuildPhase section */

/* Begin PBXSourcesBuildPhase section */
		EB29BE0B2AF03AB300D8D568 /* Sources */ = {
			isa = PBXSourcesBuildPhase;
			buildActionMask = 2147483647;
			files = (
				EB73B9C62AF129EF00B24D1B /* HomeView.swift in Sources */,
				EB29BE132AF03AB300D8D568 /* CryptocurrencyTrackerApp.swift in Sources */,
				EB73B9CA2AF12B6700B24D1B /* CircleButtonView.swift in Sources */,
				EB73B9C02AF0FCBB00B24D1B /* Color.swift in Sources */,
				EB73B9CD2AF12F6600B24D1B /* CircleButtonAnimationView.swift in Sources */,
			);
			runOnlyForDeploymentPostprocessing = 0;
		};
/* End PBXSourcesBuildPhase section */

/* Begin XCBuildConfiguration section */
		EB29BE1B2AF03AB400D8D568 /* Debug */ = {
			isa = XCBuildConfiguration;
			buildSettings = {
				ALWAYS_SEARCH_USER_PATHS = NO;
				ASSETCATALOG_COMPILER_GENERATE_SWIFT_ASSET_SYMBOL_EXTENSIONS = YES;
				CLANG_ANALYZER_NONNULL = YES;
				CLANG_ANALYZER_NUMBER_OBJECT_CONVERSION = YES_AGGRESSIVE;
				CLANG_CXX_LANGUAGE_STANDARD = "gnu++20";
				CLANG_ENABLE_MODULES = YES;
				CLANG_ENABLE_OBJC_ARC = YES;
				CLANG_ENABLE_OBJC_WEAK = YES;
				CLANG_WARN_BLOCK_CAPTURE_AUTORELEASING = YES;
				CLANG_WARN_BOOL_CONVERSION = YES;
				CLANG_WARN_COMMA = YES;
				CLANG_WARN_CONSTANT_CONVERSION = YES;
				CLANG_WARN_DEPRECATED_OBJC_IMPLEMENTATIONS = YES;
				CLANG_WARN_DIRECT_OBJC_ISA_USAGE = YES_ERROR;
				CLANG_WARN_DOCUMENTATION_COMMENTS = YES;
				CLANG_WARN_EMPTY_BODY = YES;
				CLANG_WARN_ENUM_CONVERSION = YES;
				CLANG_WARN_INFINITE_RECURSION = YES;
				CLANG_WARN_INT_CONVERSION = YES;
				CLANG_WARN_NON_LITERAL_NULL_CONVERSION = YES;
				CLANG_WARN_OBJC_IMPLICIT_RETAIN_SELF = YES;
				CLANG_WARN_OBJC_LITERAL_CONVERSION = YES;
				CLANG_WARN_OBJC_ROOT_CLASS = YES_ERROR;
				CLANG_WARN_QUOTED_INCLUDE_IN_FRAMEWORK_HEADER = YES;
				CLANG_WARN_RANGE_LOOP_ANALYSIS = YES;
				CLANG_WARN_STRICT_PROTOTYPES = YES;
				CLANG_WARN_SUSPICIOUS_MOVE = YES;
				CLANG_WARN_UNGUARDED_AVAILABILITY = YES_AGGRESSIVE;
				CLANG_WARN_UNREACHABLE_CODE = YES;
				CLANG_WARN__DUPLICATE_METHOD_MATCH = YES;
				COPY_PHASE_STRIP = NO;
				DEBUG_INFORMATION_FORMAT = dwarf;
				ENABLE_STRICT_OBJC_MSGSEND = YES;
				ENABLE_TESTABILITY = YES;
				ENABLE_USER_SCRIPT_SANDBOXING = YES;
				GCC_C_LANGUAGE_STANDARD = gnu17;
				GCC_DYNAMIC_NO_PIC = NO;
				GCC_NO_COMMON_BLOCKS = YES;
				GCC_OPTIMIZATION_LEVEL = 0;
				GCC_PREPROCESSOR_DEFINITIONS = (
					"DEBUG=1",
					"$(inherited)",
				);
				GCC_WARN_64_TO_32_BIT_CONVERSION = YES;
				GCC_WARN_ABOUT_RETURN_TYPE = YES_ERROR;
				GCC_WARN_UNDECLARED_SELECTOR = YES;
				GCC_WARN_UNINITIALIZED_AUTOS = YES_AGGRESSIVE;
				GCC_WARN_UNUSED_FUNCTION = YES;
				GCC_WARN_UNUSED_VARIABLE = YES;
				IPHONEOS_DEPLOYMENT_TARGET = 17.0;
				LOCALIZATION_PREFERS_STRING_CATALOGS = YES;
				MTL_ENABLE_DEBUG_INFO = INCLUDE_SOURCE;
				MTL_FAST_MATH = YES;
				ONLY_ACTIVE_ARCH = YES;
				SDKROOT = iphoneos;
				SWIFT_ACTIVE_COMPILATION_CONDITIONS = "DEBUG $(inherited)";
				SWIFT_OPTIMIZATION_LEVEL = "-Onone";
			};
			name = Debug;
		};
		EB29BE1C2AF03AB400D8D568 /* Release */ = {
			isa = XCBuildConfiguration;
			buildSettings = {
				ALWAYS_SEARCH_USER_PATHS = NO;
				ASSETCATALOG_COMPILER_GENERATE_SWIFT_ASSET_SYMBOL_EXTENSIONS = YES;
				CLANG_ANALYZER_NONNULL = YES;
				CLANG_ANALYZER_NUMBER_OBJECT_CONVERSION = YES_AGGRESSIVE;
				CLANG_CXX_LANGUAGE_STANDARD = "gnu++20";
				CLANG_ENABLE_MODULES = YES;
				CLANG_ENABLE_OBJC_ARC = YES;
				CLANG_ENABLE_OBJC_WEAK = YES;
				CLANG_WARN_BLOCK_CAPTURE_AUTORELEASING = YES;
				CLANG_WARN_BOOL_CONVERSION = YES;
				CLANG_WARN_COMMA = YES;
				CLANG_WARN_CONSTANT_CONVERSION = YES;
				CLANG_WARN_DEPRECATED_OBJC_IMPLEMENTATIONS = YES;
				CLANG_WARN_DIRECT_OBJC_ISA_USAGE = YES_ERROR;
				CLANG_WARN_DOCUMENTATION_COMMENTS = YES;
				CLANG_WARN_EMPTY_BODY = YES;
				CLANG_WARN_ENUM_CONVERSION = YES;
				CLANG_WARN_INFINITE_RECURSION = YES;
				CLANG_WARN_INT_CONVERSION = YES;
				CLANG_WARN_NON_LITERAL_NULL_CONVERSION = YES;
				CLANG_WARN_OBJC_IMPLICIT_RETAIN_SELF = YES;
				CLANG_WARN_OBJC_LITERAL_CONVERSION = YES;
				CLANG_WARN_OBJC_ROOT_CLASS = YES_ERROR;
				CLANG_WARN_QUOTED_INCLUDE_IN_FRAMEWORK_HEADER = YES;
				CLANG_WARN_RANGE_LOOP_ANALYSIS = YES;
				CLANG_WARN_STRICT_PROTOTYPES = YES;
				CLANG_WARN_SUSPICIOUS_MOVE = YES;
				CLANG_WARN_UNGUARDED_AVAILABILITY = YES_AGGRESSIVE;
				CLANG_WARN_UNREACHABLE_CODE = YES;
				CLANG_WARN__DUPLICATE_METHOD_MATCH = YES;
				COPY_PHASE_STRIP = NO;
				DEBUG_INFORMATION_FORMAT = "dwarf-with-dsym";
				ENABLE_NS_ASSERTIONS = NO;
				ENABLE_STRICT_OBJC_MSGSEND = YES;
				ENABLE_USER_SCRIPT_SANDBOXING = YES;
				GCC_C_LANGUAGE_STANDARD = gnu17;
				GCC_NO_COMMON_BLOCKS = YES;
				GCC_WARN_64_TO_32_BIT_CONVERSION = YES;
				GCC_WARN_ABOUT_RETURN_TYPE = YES_ERROR;
				GCC_WARN_UNDECLARED_SELECTOR = YES;
				GCC_WARN_UNINITIALIZED_AUTOS = YES_AGGRESSIVE;
				GCC_WARN_UNUSED_FUNCTION = YES;
				GCC_WARN_UNUSED_VARIABLE = YES;
				IPHONEOS_DEPLOYMENT_TARGET = 17.0;
				LOCALIZATION_PREFERS_STRING_CATALOGS = YES;
				MTL_ENABLE_DEBUG_INFO = NO;
				MTL_FAST_MATH = YES;
				SDKROOT = iphoneos;
				SWIFT_COMPILATION_MODE = wholemodule;
				VALIDATE_PRODUCT = YES;
			};
			name = Release;
		};
		EB29BE1E2AF03AB400D8D568 /* Debug */ = {
			isa = XCBuildConfiguration;
			buildSettings = {
				ASSETCATALOG_COMPILER_APPICON_NAME = AppIcon;
				ASSETCATALOG_COMPILER_GLOBAL_ACCENT_COLOR_NAME = AccentColor;
				CODE_SIGN_STYLE = Automatic;
				CURRENT_PROJECT_VERSION = 1;
				DEVELOPMENT_ASSET_PATHS = "\"CryptocurrencyTracker/Preview Content\"";
				DEVELOPMENT_TEAM = 8VZXPVXH33;
				ENABLE_PREVIEWS = YES;
				GENERATE_INFOPLIST_FILE = YES;
				INFOPLIST_KEY_CFBundleDisplayName = "Cryptocurrency Tracker";
				INFOPLIST_KEY_LSApplicationCategoryType = "public.app-category.finance";
				INFOPLIST_KEY_UIApplicationSceneManifest_Generation = YES;
				INFOPLIST_KEY_UIApplicationSupportsIndirectInputEvents = YES;
				INFOPLIST_KEY_UILaunchScreen_Generation = YES;
				INFOPLIST_KEY_UISupportedInterfaceOrientations = UIInterfaceOrientationPortrait;
				LD_RUNPATH_SEARCH_PATHS = (
					"$(inherited)",
					"@executable_path/Frameworks",
				);
				MARKETING_VERSION = 1.0;
				PRODUCT_BUNDLE_IDENTIFIER = com.matflow.CryptocurrencyTracker;
				PRODUCT_NAME = "$(TARGET_NAME)";
				SWIFT_EMIT_LOC_STRINGS = YES;
				SWIFT_VERSION = 5.0;
				TARGETED_DEVICE_FAMILY = "1,2";
			};
			name = Debug;
		};
		EB29BE1F2AF03AB400D8D568 /* Release */ = {
			isa = XCBuildConfiguration;
			buildSettings = {
				ASSETCATALOG_COMPILER_APPICON_NAME = AppIcon;
				ASSETCATALOG_COMPILER_GLOBAL_ACCENT_COLOR_NAME = AccentColor;
				CODE_SIGN_STYLE = Automatic;
				CURRENT_PROJECT_VERSION = 1;
				DEVELOPMENT_ASSET_PATHS = "\"CryptocurrencyTracker/Preview Content\"";
				DEVELOPMENT_TEAM = 8VZXPVXH33;
				ENABLE_PREVIEWS = YES;
				GENERATE_INFOPLIST_FILE = YES;
				INFOPLIST_KEY_CFBundleDisplayName = "Cryptocurrency Tracker";
				INFOPLIST_KEY_LSApplicationCategoryType = "public.app-category.finance";
				INFOPLIST_KEY_UIApplicationSceneManifest_Generation = YES;
				INFOPLIST_KEY_UIApplicationSupportsIndirectInputEvents = YES;
				INFOPLIST_KEY_UILaunchScreen_Generation = YES;
				INFOPLIST_KEY_UISupportedInterfaceOrientations = UIInterfaceOrientationPortrait;
				LD_RUNPATH_SEARCH_PATHS = (
					"$(inherited)",
					"@executable_path/Frameworks",
				);
				MARKETING_VERSION = 1.0;
				PRODUCT_BUNDLE_IDENTIFIER = com.matflow.CryptocurrencyTracker;
				PRODUCT_NAME = "$(TARGET_NAME)";
				SWIFT_EMIT_LOC_STRINGS = YES;
				SWIFT_VERSION = 5.0;
				TARGETED_DEVICE_FAMILY = "1,2";
			};
			name = Release;
		};
/* End XCBuildConfiguration section */

/* Begin XCConfigurationList section */
		EB29BE0A2AF03AB300D8D568 /* Build configuration list for PBXProject "CryptocurrencyTracker" */ = {
			isa = XCConfigurationList;
			buildConfigurations = (
				EB29BE1B2AF03AB400D8D568 /* Debug */,
				EB29BE1C2AF03AB400D8D568 /* Release */,
			);
			defaultConfigurationIsVisible = 0;
			defaultConfigurationName = Release;
		};
		EB29BE1D2AF03AB400D8D568 /* Build configuration list for PBXNativeTarget "CryptocurrencyTracker" */ = {
			isa = XCConfigurationList;
			buildConfigurations = (
				EB29BE1E2AF03AB400D8D568 /* Debug */,
				EB29BE1F2AF03AB400D8D568 /* Release */,
			);
			defaultConfigurationIsVisible = 0;
			defaultConfigurationName = Release;
		};
/* End XCConfigurationList section */
	};
	rootObject = EB29BE072AF03AB300D8D568 /* Project object */;
}
